
Microsoft Visual Studio Solution File, Format Version 12.00
# Visual Studio Version 17
VisualStudioVersion = 17.7.34221.43
MinimumVisualStudioVersion = 10.0.40219.1
Project("{2150E333-8FDC-42A3-9474-1A3956D46DE8}") = "Src", "Src", "{5CD042CA-9242-4FED-9C3C-3F3F298FF460}"
EndProject
Project("{2150E333-8FDC-42A3-9474-1A3956D46DE8}") = "Core", "Core", "{40A45F8B-485D-4012-89EB-905391BC931F}"
EndProject
Project("{2150E333-8FDC-42A3-9474-1A3956D46DE8}") = "Domain", "Domain", "{7951E54E-B973-4EE3-914F-DC7B649F9DEF}"
EndProject
Project("{2150E333-8FDC-42A3-9474-1A3956D46DE8}") = "Infraestructure", "Infraestructure", "{B7E27B78-7DD5-4A29-9FFE-A45930F3BFE0}"
EndProject
Project("{2150E333-8FDC-42A3-9474-1A3956D46DE8}") = "Presentation", "Presentation", "{F4308248-0C97-4052-A32F-949699ABE197}"
EndProject
Project("{2150E333-8FDC-42A3-9474-1A3956D46DE8}") = "Share", "Share", "{8E3DC124-CD9E-46F8-9DF4-47AE5D287D36}"
EndProject
Project("{2150E333-8FDC-42A3-9474-1A3956D46DE8}") = "Application", "Application", "{AF1F7B6E-26E7-4095-8169-DC4DC89F4DE5}"
EndProject
Project("{2150E333-8FDC-42A3-9474-1A3956D46DE8}") = "Persistense", "Persistense", "{B2404F33-3212-4C11-815E-9E4C6EEAC578}"
EndProject
Project("{9A19103F-16F7-4668-BE54-9A1E7A4F7556}") = "BackESPD.Application", "BackESPD.Application\BackESPD.Application.csproj", "{E2B47981-ED31-4AD8-9C18-53C597B893C8}"
EndProject
Project("{9A19103F-16F7-4668-BE54-9A1E7A4F7556}") = "BackESPD.Domain", "BackESPD.Domain\BackESPD.Domain.csproj", "{9B139559-F651-4849-9E70-BC49B9A32300}"
EndProject
Project("{9A19103F-16F7-4668-BE54-9A1E7A4F7556}") = "BackESPD.Persistense", "BackESPD.Persistense\BackESPD.Persistense.csproj", "{A07ED19B-69A1-46C1-9E43-54DF7B82E054}"
EndProject
Project("{9A19103F-16F7-4668-BE54-9A1E7A4F7556}") = "BackESPD.Shared", "BackESPD.Shared\BackESPD.Shared.csproj", "{DB76DA1C-3450-45A0-A39F-E51A011AD3B0}"
EndProject
Project("{9A19103F-16F7-4668-BE54-9A1E7A4F7556}") = "BackESPDWebAPI", "BackESPDWebAPI\BackESPDWebAPI.csproj", "{3A5C9E92-DBD7-490A-9684-78D5155AF93A}"
EndProject
Global
	GlobalSection(SolutionConfigurationPlatforms) = preSolution
		Debug|Any CPU = Debug|Any CPU
		Release|Any CPU = Release|Any CPU
	EndGlobalSection
	GlobalSection(ProjectConfigurationPlatforms) = postSolution
		{E2B47981-ED31-4AD8-9C18-53C597B893C8}.Debug|Any CPU.ActiveCfg = Debug|Any CPU
		{E2B47981-ED31-4AD8-9C18-53C597B893C8}.Debug|Any CPU.Build.0 = Debug|Any CPU
		{E2B47981-ED31-4AD8-9C18-53C597B893C8}.Release|Any CPU.ActiveCfg = Release|Any CPU
		{E2B47981-ED31-4AD8-9C18-53C597B893C8}.Release|Any CPU.Build.0 = Release|Any CPU
		{9B139559-F651-4849-9E70-BC49B9A32300}.Debug|Any CPU.ActiveCfg = Debug|Any CPU
		{9B139559-F651-4849-9E70-BC49B9A32300}.Debug|Any CPU.Build.0 = Debug|Any CPU
		{9B139559-F651-4849-9E70-BC49B9A32300}.Release|Any CPU.ActiveCfg = Release|Any CPU
		{9B139559-F651-4849-9E70-BC49B9A32300}.Release|Any CPU.Build.0 = Release|Any CPU
		{A07ED19B-69A1-46C1-9E43-54DF7B82E054}.Debug|Any CPU.ActiveCfg = Debug|Any CPU
		{A07ED19B-69A1-46C1-9E43-54DF7B82E054}.Debug|Any CPU.Build.0 = Debug|Any CPU
		{A07ED19B-69A1-46C1-9E43-54DF7B82E054}.Release|Any CPU.ActiveCfg = Release|Any CPU
		{A07ED19B-69A1-46C1-9E43-54DF7B82E054}.Release|Any CPU.Build.0 = Release|Any CPU
		{DB76DA1C-3450-45A0-A39F-E51A011AD3B0}.Debug|Any CPU.ActiveCfg = Debug|Any CPU
		{DB76DA1C-3450-45A0-A39F-E51A011AD3B0}.Debug|Any CPU.Build.0 = Debug|Any CPU
		{DB76DA1C-3450-45A0-A39F-E51A011AD3B0}.Release|Any CPU.ActiveCfg = Release|Any CPU
		{DB76DA1C-3450-45A0-A39F-E51A011AD3B0}.Release|Any CPU.Build.0 = Release|Any CPU
		{3A5C9E92-DBD7-490A-9684-78D5155AF93A}.Debug|Any CPU.ActiveCfg = Debug|Any CPU
		{3A5C9E92-DBD7-490A-9684-78D5155AF93A}.Debug|Any CPU.Build.0 = Debug|Any CPU
		{3A5C9E92-DBD7-490A-9684-78D5155AF93A}.Release|Any CPU.ActiveCfg = Release|Any CPU
		{3A5C9E92-DBD7-490A-9684-78D5155AF93A}.Release|Any CPU.Build.0 = Release|Any CPU
	EndGlobalSection
	GlobalSection(SolutionProperties) = preSolution
		HideSolutionNode = FALSE
	EndGlobalSection
	GlobalSection(NestedProjects) = preSolution
		{40A45F8B-485D-4012-89EB-905391BC931F} = {5CD042CA-9242-4FED-9C3C-3F3F298FF460}
		{7951E54E-B973-4EE3-914F-DC7B649F9DEF} = {40A45F8B-485D-4012-89EB-905391BC931F}
		{B7E27B78-7DD5-4A29-9FFE-A45930F3BFE0} = {5CD042CA-9242-4FED-9C3C-3F3F298FF460}
		{F4308248-0C97-4052-A32F-949699ABE197} = {5CD042CA-9242-4FED-9C3C-3F3F298FF460}
		{8E3DC124-CD9E-46F8-9DF4-47AE5D287D36} = {B7E27B78-7DD5-4A29-9FFE-A45930F3BFE0}
		{AF1F7B6E-26E7-4095-8169-DC4DC89F4DE5} = {40A45F8B-485D-4012-89EB-905391BC931F}
		{B2404F33-3212-4C11-815E-9E4C6EEAC578} = {B7E27B78-7DD5-4A29-9FFE-A45930F3BFE0}
		{E2B47981-ED31-4AD8-9C18-53C597B893C8} = {AF1F7B6E-26E7-4095-8169-DC4DC89F4DE5}
		{9B139559-F651-4849-9E70-BC49B9A32300} = {7951E54E-B973-4EE3-914F-DC7B649F9DEF}
		{A07ED19B-69A1-46C1-9E43-54DF7B82E054} = {B2404F33-3212-4C11-815E-9E4C6EEAC578}
		{DB76DA1C-3450-45A0-A39F-E51A011AD3B0} = {8E3DC124-CD9E-46F8-9DF4-47AE5D287D36}
		{3A5C9E92-DBD7-490A-9684-78D5155AF93A} = {F4308248-0C97-4052-A32F-949699ABE197}
	EndGlobalSection
	GlobalSection(ExtensibilityGlobals) = postSolution
		SolutionGuid = {835BEA82-F8F0-4C37-8743-1BA57546BD58}
	EndGlobalSection
EndGlobal
